
Microsoft Visual Studio Solution File, Format Version 12.00
# Visual Studio 15
VisualStudioVersion = 15.0.27130.2027
MinimumVisualStudioVersion = 10.0.40219.1
Project("{FAE04EC0-301F-11D3-BF4B-00C04F79EFBC}") = "MS_MPI", "MS_MPI\MS_MPI.csproj", "{54FA3B9F-D459-4518-A3CD-7E16D47AE28C}"
EndProject
Global
	GlobalSection(SolutionConfigurationPlatforms) = preSolution
		Debug|Any CPU = Debug|Any CPU
		Release|Any CPU = Release|Any CPU
	EndGlobalSection
	GlobalSection(ProjectConfigurationPlatforms) = postSolution
		{54FA3B9F-D459-4518-A3CD-7E16D47AE28C}.Debug|Any CPU.ActiveCfg = Debug|Any CPU
		{54FA3B9F-D459-4518-A3CD-7E16D47AE28C}.Debug|Any CPU.Build.0 = Debug|Any CPU
		{54FA3B9F-D459-4518-A3CD-7E16D47AE28C}.Release|Any CPU.ActiveCfg = Release|Any CPU
		{54FA3B9F-D459-4518-A3CD-7E16D47AE28C}.Release|Any CPU.Build.0 = Release|Any CPU
	EndGlobalSection
	GlobalSection(SolutionProperties) = preSolution
		HideSolutionNode = FALSE
	EndGlobalSection
	GlobalSection(ExtensibilityGlobals) = postSolution
		SolutionGuid = {3251F138-14D2-41B9-876F-7C93E6BB0C24}
	EndGlobalSection
EndGlobal
